version: 2.0
shards:
  backtracer:
    git: https://github.com/sija/backtracer.cr.git
    version: 1.2.4

  db:
    git: https://github.com/crystal-lang/crystal-db.git
    version: 0.11.0

  dotenv:
    git: https://github.com/drum445/dotenv.git
    version: 0.5.0

  exception_page:
    git: https://github.com/crystal-loot/exception_page.git
    version: 0.5.0

  fnv:
    git: https://github.com/naqvis/crystal-fnv.git
    version: 0.1.3

  html5:
    git: https://github.com/naqvis/crystal-html5.git
    version: 0.4.0

  http_proxy:
    git: https://github.com/mamantoha/http_proxy.git
    version: 0.14.0+git.commit.dc59c8779cb66b171617b030567972ea7661ffa5

  kemal:
    git: https://github.com/kemalcr/kemal.git
    version: 1.10.0

  pg:
    git: https://github.com/will/crystal-pg.git
    version: 0.26.0

  radix:
    git: https://github.com/luislavena/radix.git
    version: 0.4.1

  tourmaline:
    git: https://github.com/protoncr/tourmaline.git
    version: 0.28.0

  xpath2:
    git: https://github.com/naqvis/crystal-xpath2.git
    version: 0.1.3

